
Microsoft Visual Studio Solution File, Format Version 12.00
# Visual Studio Version 17
VisualStudioVersion = 17.3.32819.101
MinimumVisualStudioVersion = 10.0.40219.1
Project("{9A19103F-16F7-4668-BE54-9A1E7A4F7556}") = "GrpcServer", "GrpcServer\GrpcServer.csproj", "{9F5011D7-F267-44B5-BB90-1A8817952664}"
EndProject
Project("{9A19103F-16F7-4668-BE54-9A1E7A4F7556}") = "GrpcClient", "GrpcClient\GrpcClient.csproj", "{36032330-2550-4C93-8564-832C69F6966E}"
EndProject
Global
	GlobalSection(SolutionConfigurationPlatforms) = preSolution
		Debug|Any CPU = Debug|Any CPU
		Release|Any CPU = Release|Any CPU
	EndGlobalSection
	GlobalSection(ProjectConfigurationPlatforms) = postSolution
		{9F5011D7-F267-44B5-BB90-1A8817952664}.Debug|Any CPU.ActiveCfg = Debug|Any CPU
		{9F5011D7-F267-44B5-BB90-1A8817952664}.Debug|Any CPU.Build.0 = Debug|Any CPU
		{9F5011D7-F267-44B5-BB90-1A8817952664}.Release|Any CPU.ActiveCfg = Release|Any CPU
		{9F5011D7-F267-44B5-BB90-1A8817952664}.Release|Any CPU.Build.0 = Release|Any CPU
		{36032330-2550-4C93-8564-832C69F6966E}.Debug|Any CPU.ActiveCfg = Debug|Any CPU
		{36032330-2550-4C93-8564-832C69F6966E}.Debug|Any CPU.Build.0 = Debug|Any CPU
		{36032330-2550-4C93-8564-832C69F6966E}.Release|Any CPU.ActiveCfg = Release|Any CPU
		{36032330-2550-4C93-8564-832C69F6966E}.Release|Any CPU.Build.0 = Release|Any CPU
	EndGlobalSection
	GlobalSection(SolutionProperties) = preSolution
		HideSolutionNode = FALSE
	EndGlobalSection
	GlobalSection(ExtensibilityGlobals) = postSolution
		SolutionGuid = {73E0D841-DE9C-4A9D-A4AD-AEE00EF46106}
	EndGlobalSection
EndGlobal
